
Microsoft Visual Studio Solution File, Format Version 12.00
# Visual Studio 2012
Project("{FAE04EC0-301F-11D3-BF4B-00C04F79EFBC}") = "journal_lab_6_NX9_VS", "journal_lab_6_NX9_VS\journal_lab_6_NX9_VS.csproj", "{6D127FCC-1D51-4608-BCFE-7E643D380840}"
EndProject
Global
	GlobalSection(SolutionConfigurationPlatforms) = preSolution
		Debug|Any CPU = Debug|Any CPU
		Release|Any CPU = Release|Any CPU
	EndGlobalSection
	GlobalSection(ProjectConfigurationPlatforms) = postSolution
		{6D127FCC-1D51-4608-BCFE-7E643D380840}.Debug|Any CPU.ActiveCfg = Debug|Any CPU
		{6D127FCC-1D51-4608-BCFE-7E643D380840}.Debug|Any CPU.Build.0 = Debug|Any CPU
		{6D127FCC-1D51-4608-BCFE-7E643D380840}.Release|Any CPU.ActiveCfg = Release|Any CPU
		{6D127FCC-1D51-4608-BCFE-7E643D380840}.Release|Any CPU.Build.0 = Release|Any CPU
	EndGlobalSection
	GlobalSection(SolutionProperties) = preSolution
		HideSolutionNode = FALSE
	EndGlobalSection
EndGlobal
