
Microsoft Visual Studio Solution File, Format Version 12.00
# Visual Studio 2012
Project("{FAE04EC0-301F-11D3-BF4B-00C04F79EFBC}") = "MIDACO_VS_Golden_Cantilever", "MIDACO_VS_Golden_Cantilever\MIDACO_VS_Golden_Cantilever.csproj", "{00DE0892-C8D4-47F5-9394-C464912CBF54}"
EndProject
Global
	GlobalSection(SolutionConfigurationPlatforms) = preSolution
		Debug|Any CPU = Debug|Any CPU
		Debug|x64 = Debug|x64
		Release|Any CPU = Release|Any CPU
		Release|x64 = Release|x64
	EndGlobalSection
	GlobalSection(ProjectConfigurationPlatforms) = postSolution
		{00DE0892-C8D4-47F5-9394-C464912CBF54}.Debug|Any CPU.ActiveCfg = Debug|Any CPU
		{00DE0892-C8D4-47F5-9394-C464912CBF54}.Debug|Any CPU.Build.0 = Debug|Any CPU
		{00DE0892-C8D4-47F5-9394-C464912CBF54}.Debug|x64.ActiveCfg = Debug|x64
		{00DE0892-C8D4-47F5-9394-C464912CBF54}.Debug|x64.Build.0 = Debug|x64
		{00DE0892-C8D4-47F5-9394-C464912CBF54}.Release|Any CPU.ActiveCfg = Release|Any CPU
		{00DE0892-C8D4-47F5-9394-C464912CBF54}.Release|Any CPU.Build.0 = Release|Any CPU
		{00DE0892-C8D4-47F5-9394-C464912CBF54}.Release|x64.ActiveCfg = Release|x64
		{00DE0892-C8D4-47F5-9394-C464912CBF54}.Release|x64.Build.0 = Release|x64
	EndGlobalSection
	GlobalSection(SolutionProperties) = preSolution
		HideSolutionNode = FALSE
	EndGlobalSection
EndGlobal
