
Microsoft Visual Studio Solution File, Format Version 12.00
# Visual Studio 2012
Project("{FAE04EC0-301F-11D3-BF4B-00C04F79EFBC}") = "Golden_Cantilever_VS_NX_Journal", "Golden_Cantilever_VS_NX_Journal\Golden_Cantilever_VS_NX_Journal.csproj", "{08BBA01B-73BC-43F8-949A-0A5ABA18DAA1}"
EndProject
Global
	GlobalSection(SolutionConfigurationPlatforms) = preSolution
		Debug|Any CPU = Debug|Any CPU
		Release|Any CPU = Release|Any CPU
	EndGlobalSection
	GlobalSection(ProjectConfigurationPlatforms) = postSolution
		{08BBA01B-73BC-43F8-949A-0A5ABA18DAA1}.Debug|Any CPU.ActiveCfg = Debug|Any CPU
		{08BBA01B-73BC-43F8-949A-0A5ABA18DAA1}.Debug|Any CPU.Build.0 = Debug|Any CPU
		{08BBA01B-73BC-43F8-949A-0A5ABA18DAA1}.Release|Any CPU.ActiveCfg = Release|Any CPU
		{08BBA01B-73BC-43F8-949A-0A5ABA18DAA1}.Release|Any CPU.Build.0 = Release|Any CPU
	EndGlobalSection
	GlobalSection(SolutionProperties) = preSolution
		HideSolutionNode = FALSE
	EndGlobalSection
EndGlobal
